{
    "name": "@netuno/auth-client",
    "version": "1.0.4",
    "lockfileVersion": 1,
    "requires": true,
    "dependencies": {
        "@netuno/service-client": {
            "version": "1.0.8",
            "resolved": "https://registry.npmjs.org/@netuno/service-client/-/service-client-1.0.8.tgz",
            "integrity": "sha512-VXcB2EyzulmODSX4S5xcwGhIhdO/wDRTHNSadSiT0S+ttBXKZhw+A2IKr8T1QySH+xS4y04EuU3rZ3NprDtFWg==",
            "requires": {
                "just-extend": "^4.2.1"
            }
        },
        "just-extend": {
            "version": "4.2.1",
            "resolved": "https://registry.npmjs.org/just-extend/-/just-extend-4.2.1.tgz",
            "integrity": "sha512-g3UB796vUFIY90VIv/WX3L2c8CS2MdWUww3CNrYmqza1Fg0DURc2K/O4YrnklBdQarSJ/y8JnJYDGc+1iumQjg=="
        }
    }
}
